
Microsoft Visual Studio Solution File, Format Version 12.00
# Visual Studio Version 16
VisualStudioVersion = 16.0.31025.194
MinimumVisualStudioVersion = 10.0.40219.1
Project("{9A19103F-16F7-4668-BE54-9A1E7A4F7556}") = "Generator", "Generator\Generator.csproj", "{74FB85FD-6E12-4DCD-975E-58892E683CFB}"
EndProject
Project("{9A19103F-16F7-4668-BE54-9A1E7A4F7556}") = "MoiveHubSystem", "MoiveHubSystem\MoiveHubSystem.csproj", "{8EEBDA97-CE42-4BC2-89B7-F913D2DEFF75}"
EndProject
Project("{9A19103F-16F7-4668-BE54-9A1E7A4F7556}") = "EntitiesLibrary", "EntitiesLibrary\EntitiesLibrary.csproj", "{DE664C81-BA74-4047-8CBE-1EB09BFED1BC}"
EndProject
Project("{9A19103F-16F7-4668-BE54-9A1E7A4F7556}") = "DataGeneratorsLibrary", "DataGeneratorsLibrary\DataGeneratorsLibrary.csproj", "{EDD3853F-EA39-4F83-8EB4-787208B671EB}"
EndProject
Project("{9A19103F-16F7-4668-BE54-9A1E7A4F7556}") = "WordGeneratorLib", "WordGeneratorLib\WordGeneratorLib.csproj", "{B2EB663E-383E-47E5-BBDE-5A3306BC0FA0}"
EndProject
Project("{9A19103F-16F7-4668-BE54-9A1E7A4F7556}") = "ImageGenratorLib", "ImageGenratorLib\ImageGenratorLib.csproj", "{DD306DBB-53DC-457E-BA65-76AC1FF38461}"
EndProject
Project("{9A19103F-16F7-4668-BE54-9A1E7A4F7556}") = "DataManagersLibrary", "DataManagersLibrary\DataManagersLibrary.csproj", "{4D8AAA29-8F2D-4AED-BF23-7930C49F855A}"
EndProject
Project("{FAE04EC0-301F-11D3-BF4B-00C04F79EFBC}") = "HashersLibrary", "HashersLibrary\HashersLibrary.csproj", "{C298A38A-9594-4C7E-BEC9-79EBDFF35890}"
EndProject
Global
	GlobalSection(SolutionConfigurationPlatforms) = preSolution
		Debug|Any CPU = Debug|Any CPU
		Release|Any CPU = Release|Any CPU
	EndGlobalSection
	GlobalSection(ProjectConfigurationPlatforms) = postSolution
		{74FB85FD-6E12-4DCD-975E-58892E683CFB}.Debug|Any CPU.ActiveCfg = Debug|Any CPU
		{74FB85FD-6E12-4DCD-975E-58892E683CFB}.Debug|Any CPU.Build.0 = Debug|Any CPU
		{74FB85FD-6E12-4DCD-975E-58892E683CFB}.Release|Any CPU.ActiveCfg = Release|Any CPU
		{74FB85FD-6E12-4DCD-975E-58892E683CFB}.Release|Any CPU.Build.0 = Release|Any CPU
		{8EEBDA97-CE42-4BC2-89B7-F913D2DEFF75}.Debug|Any CPU.ActiveCfg = Debug|Any CPU
		{8EEBDA97-CE42-4BC2-89B7-F913D2DEFF75}.Debug|Any CPU.Build.0 = Debug|Any CPU
		{8EEBDA97-CE42-4BC2-89B7-F913D2DEFF75}.Release|Any CPU.ActiveCfg = Release|Any CPU
		{8EEBDA97-CE42-4BC2-89B7-F913D2DEFF75}.Release|Any CPU.Build.0 = Release|Any CPU
		{DE664C81-BA74-4047-8CBE-1EB09BFED1BC}.Debug|Any CPU.ActiveCfg = Debug|Any CPU
		{DE664C81-BA74-4047-8CBE-1EB09BFED1BC}.Debug|Any CPU.Build.0 = Debug|Any CPU
		{DE664C81-BA74-4047-8CBE-1EB09BFED1BC}.Release|Any CPU.ActiveCfg = Release|Any CPU
		{DE664C81-BA74-4047-8CBE-1EB09BFED1BC}.Release|Any CPU.Build.0 = Release|Any CPU
		{EDD3853F-EA39-4F83-8EB4-787208B671EB}.Debug|Any CPU.ActiveCfg = Debug|Any CPU
		{EDD3853F-EA39-4F83-8EB4-787208B671EB}.Debug|Any CPU.Build.0 = Debug|Any CPU
		{EDD3853F-EA39-4F83-8EB4-787208B671EB}.Release|Any CPU.ActiveCfg = Release|Any CPU
		{EDD3853F-EA39-4F83-8EB4-787208B671EB}.Release|Any CPU.Build.0 = Release|Any CPU
		{B2EB663E-383E-47E5-BBDE-5A3306BC0FA0}.Debug|Any CPU.ActiveCfg = Debug|Any CPU
		{B2EB663E-383E-47E5-BBDE-5A3306BC0FA0}.Debug|Any CPU.Build.0 = Debug|Any CPU
		{B2EB663E-383E-47E5-BBDE-5A3306BC0FA0}.Release|Any CPU.ActiveCfg = Release|Any CPU
		{B2EB663E-383E-47E5-BBDE-5A3306BC0FA0}.Release|Any CPU.Build.0 = Release|Any CPU
		{DD306DBB-53DC-457E-BA65-76AC1FF38461}.Debug|Any CPU.ActiveCfg = Debug|Any CPU
		{DD306DBB-53DC-457E-BA65-76AC1FF38461}.Debug|Any CPU.Build.0 = Debug|Any CPU
		{DD306DBB-53DC-457E-BA65-76AC1FF38461}.Release|Any CPU.ActiveCfg = Release|Any CPU
		{DD306DBB-53DC-457E-BA65-76AC1FF38461}.Release|Any CPU.Build.0 = Release|Any CPU
		{4D8AAA29-8F2D-4AED-BF23-7930C49F855A}.Debug|Any CPU.ActiveCfg = Debug|Any CPU
		{4D8AAA29-8F2D-4AED-BF23-7930C49F855A}.Debug|Any CPU.Build.0 = Debug|Any CPU
		{4D8AAA29-8F2D-4AED-BF23-7930C49F855A}.Release|Any CPU.ActiveCfg = Release|Any CPU
		{4D8AAA29-8F2D-4AED-BF23-7930C49F855A}.Release|Any CPU.Build.0 = Release|Any CPU
		{C298A38A-9594-4C7E-BEC9-79EBDFF35890}.Debug|Any CPU.ActiveCfg = Debug|Any CPU
		{C298A38A-9594-4C7E-BEC9-79EBDFF35890}.Debug|Any CPU.Build.0 = Debug|Any CPU
		{C298A38A-9594-4C7E-BEC9-79EBDFF35890}.Release|Any CPU.ActiveCfg = Release|Any CPU
		{C298A38A-9594-4C7E-BEC9-79EBDFF35890}.Release|Any CPU.Build.0 = Release|Any CPU
	EndGlobalSection
	GlobalSection(SolutionProperties) = preSolution
		HideSolutionNode = FALSE
	EndGlobalSection
	GlobalSection(ExtensibilityGlobals) = postSolution
		SolutionGuid = {47AA1008-FF1C-4322-9848-55B7CCDFA704}
	EndGlobalSection
EndGlobal
